
Microsoft Visual Studio Solution File, Format Version 12.00
# Visual Studio 15
VisualStudioVersion = 15.0.28307.1401
MinimumVisualStudioVersion = 10.0.40219.1
Project("{FAE04EC0-301F-11D3-BF4B-00C04F79EFBC}") = "HangmanJS_CSS", "HangmanJS_CSS\HangmanJS_CSS.csproj", "{B4856C67-F71B-4EB4-8DAC-62A227AE8CEF}"
EndProject
Global
	GlobalSection(SolutionConfigurationPlatforms) = preSolution
		Debug|Any CPU = Debug|Any CPU
		Release|Any CPU = Release|Any CPU
	EndGlobalSection
	GlobalSection(ProjectConfigurationPlatforms) = postSolution
		{B4856C67-F71B-4EB4-8DAC-62A227AE8CEF}.Debug|Any CPU.ActiveCfg = Debug|Any CPU
		{B4856C67-F71B-4EB4-8DAC-62A227AE8CEF}.Debug|Any CPU.Build.0 = Debug|Any CPU
		{B4856C67-F71B-4EB4-8DAC-62A227AE8CEF}.Release|Any CPU.ActiveCfg = Release|Any CPU
		{B4856C67-F71B-4EB4-8DAC-62A227AE8CEF}.Release|Any CPU.Build.0 = Release|Any CPU
	EndGlobalSection
	GlobalSection(SolutionProperties) = preSolution
		HideSolutionNode = FALSE
	EndGlobalSection
	GlobalSection(ExtensibilityGlobals) = postSolution
		SolutionGuid = {10456888-8A70-4415-B205-947EEA49A9CB}
	EndGlobalSection
EndGlobal
